Microsoft Visual Studio Solution File, Format Version 12.00
# Visual Studio 15
VisualStudioVersion = 15.0.26430.14
MinimumVisualStudioVersion = 10.0.40219.1
Project("{FAE04EC0-301F-11D3-BF4B-00C04F79EFBC}") = "z0.asm.models", "asm.models\z0.asm.models.csproj", "{4F1A8B4E-07AA-4647-8A7C-2BC6FE2BFA8D}"
EndProject
Project("{FAE04EC0-301F-11D3-BF4B-00C04F79EFBC}") = "z0.lib", "lib\z0.lib.csproj", "{001161E8-AAEE-4C54-9A87-EC37B7479A39}"
EndProject
Project("{FAE04EC0-301F-11D3-BF4B-00C04F79EFBC}") = "z0.tools", "tools\z0.tools.csproj", "{FBF639EE-A521-4938-B89C-F06E58F6BE4E}"
EndProject
Global
	GlobalSection(SolutionProperties) = preSolution
		HideSolutionNode = FALSE
	EndGlobalSection
	GlobalSection(SolutionConfigurationPlatforms) = preSolution
		Debug|Any CPU = Debug|Any CPU
		Debug|x64 = Debug|x64
		Debug|x86 = Debug|x86
		Release|Any CPU = Release|Any CPU
		Release|x64 = Release|x64
		Release|x86 = Release|x86
	EndGlobalSection
	GlobalSection(ProjectConfigurationPlatforms) = postSolution
		{4F1A8B4E-07AA-4647-8A7C-2BC6FE2BFA8D}.Debug|Any CPU.ActiveCfg = Debug|Any CPU
		{4F1A8B4E-07AA-4647-8A7C-2BC6FE2BFA8D}.Debug|Any CPU.Build.0 = Debug|Any CPU
		{4F1A8B4E-07AA-4647-8A7C-2BC6FE2BFA8D}.Debug|x64.ActiveCfg = Debug|Any CPU
		{4F1A8B4E-07AA-4647-8A7C-2BC6FE2BFA8D}.Debug|x64.Build.0 = Debug|Any CPU
		{4F1A8B4E-07AA-4647-8A7C-2BC6FE2BFA8D}.Debug|x86.ActiveCfg = Debug|Any CPU
		{4F1A8B4E-07AA-4647-8A7C-2BC6FE2BFA8D}.Debug|x86.Build.0 = Debug|Any CPU
		{4F1A8B4E-07AA-4647-8A7C-2BC6FE2BFA8D}.Release|Any CPU.ActiveCfg = Release|Any CPU
		{4F1A8B4E-07AA-4647-8A7C-2BC6FE2BFA8D}.Release|Any CPU.Build.0 = Release|Any CPU
		{4F1A8B4E-07AA-4647-8A7C-2BC6FE2BFA8D}.Release|x64.ActiveCfg = Release|Any CPU
		{4F1A8B4E-07AA-4647-8A7C-2BC6FE2BFA8D}.Release|x64.Build.0 = Release|Any CPU
		{4F1A8B4E-07AA-4647-8A7C-2BC6FE2BFA8D}.Release|x86.ActiveCfg = Release|Any CPU
		{4F1A8B4E-07AA-4647-8A7C-2BC6FE2BFA8D}.Release|x86.Build.0 = Release|Any CPU
		{001161E8-AAEE-4C54-9A87-EC37B7479A39}.Debug|Any CPU.ActiveCfg = Debug|Any CPU
		{001161E8-AAEE-4C54-9A87-EC37B7479A39}.Debug|Any CPU.Build.0 = Debug|Any CPU
		{001161E8-AAEE-4C54-9A87-EC37B7479A39}.Debug|x64.ActiveCfg = Debug|Any CPU
		{001161E8-AAEE-4C54-9A87-EC37B7479A39}.Debug|x64.Build.0 = Debug|Any CPU
		{001161E8-AAEE-4C54-9A87-EC37B7479A39}.Debug|x86.ActiveCfg = Debug|Any CPU
		{001161E8-AAEE-4C54-9A87-EC37B7479A39}.Debug|x86.Build.0 = Debug|Any CPU
		{001161E8-AAEE-4C54-9A87-EC37B7479A39}.Release|Any CPU.ActiveCfg = Release|Any CPU
		{001161E8-AAEE-4C54-9A87-EC37B7479A39}.Release|Any CPU.Build.0 = Release|Any CPU
		{001161E8-AAEE-4C54-9A87-EC37B7479A39}.Release|x64.ActiveCfg = Release|Any CPU
		{001161E8-AAEE-4C54-9A87-EC37B7479A39}.Release|x64.Build.0 = Release|Any CPU
		{001161E8-AAEE-4C54-9A87-EC37B7479A39}.Release|x86.ActiveCfg = Release|Any CPU
		{001161E8-AAEE-4C54-9A87-EC37B7479A39}.Release|x86.Build.0 = Release|Any CPU
		{FBF639EE-A521-4938-B89C-F06E58F6BE4E}.Debug|Any CPU.ActiveCfg = Debug|Any CPU
		{FBF639EE-A521-4938-B89C-F06E58F6BE4E}.Debug|Any CPU.Build.0 = Debug|Any CPU
		{FBF639EE-A521-4938-B89C-F06E58F6BE4E}.Debug|x64.ActiveCfg = Debug|Any CPU
		{FBF639EE-A521-4938-B89C-F06E58F6BE4E}.Debug|x64.Build.0 = Debug|Any CPU
		{FBF639EE-A521-4938-B89C-F06E58F6BE4E}.Debug|x86.ActiveCfg = Debug|Any CPU
		{FBF639EE-A521-4938-B89C-F06E58F6BE4E}.Debug|x86.Build.0 = Debug|Any CPU
		{FBF639EE-A521-4938-B89C-F06E58F6BE4E}.Release|Any CPU.ActiveCfg = Release|Any CPU
		{FBF639EE-A521-4938-B89C-F06E58F6BE4E}.Release|Any CPU.Build.0 = Release|Any CPU
		{FBF639EE-A521-4938-B89C-F06E58F6BE4E}.Release|x64.ActiveCfg = Release|Any CPU
		{FBF639EE-A521-4938-B89C-F06E58F6BE4E}.Release|x64.Build.0 = Release|Any CPU
		{FBF639EE-A521-4938-B89C-F06E58F6BE4E}.Release|x86.ActiveCfg = Release|Any CPU
		{FBF639EE-A521-4938-B89C-F06E58F6BE4E}.Release|x86.Build.0 = Release|Any CPU
	EndGlobalSection
EndGlobal
