Microsoft Visual Studio Solution File, Format Version 12.00
# Visual Studio 15
VisualStudioVersion = 15.0.26430.14
MinimumVisualStudioVersion = 10.0.40219.1
Project("{FAE04EC0-301F-11D3-BF4B-00C04F79EFBC}") = "z0.lib", "z0.lib\z0.lib.csproj", "{29456B57-8BAE-4C03-B2A2-3221E0D3DAEF}"
EndProject
Global
	GlobalSection(SolutionProperties) = preSolution
		HideSolutionNode = FALSE
	EndGlobalSection
	GlobalSection(SolutionConfigurationPlatforms) = preSolution
		Debug|Any CPU = Debug|Any CPU
		Debug|x64 = Debug|x64
		Debug|x86 = Debug|x86
		Release|Any CPU = Release|Any CPU
		Release|x64 = Release|x64
		Release|x86 = Release|x86
	EndGlobalSection
	GlobalSection(ProjectConfigurationPlatforms) = postSolution
		{29456B57-8BAE-4C03-B2A2-3221E0D3DAEF}.Debug|Any CPU.ActiveCfg = Debug|Any CPU
		{29456B57-8BAE-4C03-B2A2-3221E0D3DAEF}.Debug|Any CPU.Build.0 = Debug|Any CPU
		{29456B57-8BAE-4C03-B2A2-3221E0D3DAEF}.Debug|x64.ActiveCfg = Debug|Any CPU
		{29456B57-8BAE-4C03-B2A2-3221E0D3DAEF}.Debug|x64.Build.0 = Debug|Any CPU
		{29456B57-8BAE-4C03-B2A2-3221E0D3DAEF}.Debug|x86.ActiveCfg = Debug|Any CPU
		{29456B57-8BAE-4C03-B2A2-3221E0D3DAEF}.Debug|x86.Build.0 = Debug|Any CPU
		{29456B57-8BAE-4C03-B2A2-3221E0D3DAEF}.Release|Any CPU.ActiveCfg = Release|Any CPU
		{29456B57-8BAE-4C03-B2A2-3221E0D3DAEF}.Release|Any CPU.Build.0 = Release|Any CPU
		{29456B57-8BAE-4C03-B2A2-3221E0D3DAEF}.Release|x64.ActiveCfg = Release|Any CPU
		{29456B57-8BAE-4C03-B2A2-3221E0D3DAEF}.Release|x64.Build.0 = Release|Any CPU
		{29456B57-8BAE-4C03-B2A2-3221E0D3DAEF}.Release|x86.ActiveCfg = Release|Any CPU
		{29456B57-8BAE-4C03-B2A2-3221E0D3DAEF}.Release|x86.Build.0 = Release|Any CPU
	EndGlobalSection
EndGlobal
